# This file is automatically @generated by Cargo.
# It is not intended for manual editing.
version = 4

[[package]]
name = "sw-common"
version = "0.1.0"

[[package]]
name = "sw-frontend"
version = "0.1.0"
dependencies = [
 "sw-common",
]

[[package]]
name = "swc"
version = "0.1.0"
dependencies = [
 "sw-common",
 "sw-frontend",
]
